
Microsoft Visual Studio Solution File, Format Version 12.00
# Visual Studio Version 17
VisualStudioVersion = 17.13.35931.197 d17.13
MinimumVisualStudioVersion = 10.0.40219.1
Project("{2150E333-8FDC-42A3-9474-1A3956D46DE8}") = "Core", "Core", "{02EA681E-C7D8-13C7-8484-4AC65E1B71E8}"
EndProject
Project("{2150E333-8FDC-42A3-9474-1A3956D46DE8}") = "Infrastructure", "Infrastructure", "{E18260BE-72F6-427B-B685-525BE064B85A}"
EndProject
Project("{2150E333-8FDC-42A3-9474-1A3956D46DE8}") = "Services", "Services", "{C63F1ACE-928A-4CCF-BC3A-4C897E30E12F}"
EndProject
Project("{FAE04EC0-301F-11D3-BF4B-00C04F79EFBC}") = "CurrencyExchangeTracker.Core", "CurrencyExchangeTracker.Core\CurrencyExchangeTracker.Core.csproj", "{DB549B77-D213-45DA-9695-41B87A7D122E}"
EndProject
Project("{FAE04EC0-301F-11D3-BF4B-00C04F79EFBC}") = "CurrencyExchangeTracker.Infrastructure", "CurrencyExchangeTracker.Infrastructure\CurrencyExchangeTracker.Infrastructure.csproj", "{0888DD9A-F647-4422-9FF9-8DA13F70D27A}"
EndProject
Project("{FAE04EC0-301F-11D3-BF4B-00C04F79EFBC}") = "CurrencyExchangeTracker.RateCollector", "CurrencyExchangeTracker.RateCollector\CurrencyExchangeTracker.RateCollector.csproj", "{6BCE9B70-E025-4C7A-86A8-FACE99ACEFE9}"
EndProject
Project("{FAE04EC0-301F-11D3-BF4B-00C04F79EFBC}") = "CurrencyExchangeTracker.Api", "CurrencyExchangeTracker.Api\CurrencyExchangeTracker.Api.csproj", "{B6F1DFA8-CE13-4D2C-8C20-9140288A669A}"
EndProject
Global
	GlobalSection(SolutionConfigurationPlatforms) = preSolution
		Debug|Any CPU = Debug|Any CPU
		Release|Any CPU = Release|Any CPU
	EndGlobalSection
	GlobalSection(ProjectConfigurationPlatforms) = postSolution
		{DB549B77-D213-45DA-9695-41B87A7D122E}.Debug|Any CPU.ActiveCfg = Debug|Any CPU
		{DB549B77-D213-45DA-9695-41B87A7D122E}.Debug|Any CPU.Build.0 = Debug|Any CPU
		{DB549B77-D213-45DA-9695-41B87A7D122E}.Release|Any CPU.ActiveCfg = Release|Any CPU
		{DB549B77-D213-45DA-9695-41B87A7D122E}.Release|Any CPU.Build.0 = Release|Any CPU
		{0888DD9A-F647-4422-9FF9-8DA13F70D27A}.Debug|Any CPU.ActiveCfg = Debug|Any CPU
		{0888DD9A-F647-4422-9FF9-8DA13F70D27A}.Debug|Any CPU.Build.0 = Debug|Any CPU
		{0888DD9A-F647-4422-9FF9-8DA13F70D27A}.Release|Any CPU.ActiveCfg = Release|Any CPU
		{0888DD9A-F647-4422-9FF9-8DA13F70D27A}.Release|Any CPU.Build.0 = Release|Any CPU
		{6BCE9B70-E025-4C7A-86A8-FACE99ACEFE9}.Debug|Any CPU.ActiveCfg = Debug|Any CPU
		{6BCE9B70-E025-4C7A-86A8-FACE99ACEFE9}.Debug|Any CPU.Build.0 = Debug|Any CPU
		{6BCE9B70-E025-4C7A-86A8-FACE99ACEFE9}.Release|Any CPU.ActiveCfg = Release|Any CPU
		{6BCE9B70-E025-4C7A-86A8-FACE99ACEFE9}.Release|Any CPU.Build.0 = Release|Any CPU
		{B6F1DFA8-CE13-4D2C-8C20-9140288A669A}.Debug|Any CPU.ActiveCfg = Debug|Any CPU
		{B6F1DFA8-CE13-4D2C-8C20-9140288A669A}.Debug|Any CPU.Build.0 = Debug|Any CPU
		{B6F1DFA8-CE13-4D2C-8C20-9140288A669A}.Release|Any CPU.ActiveCfg = Release|Any CPU
		{B6F1DFA8-CE13-4D2C-8C20-9140288A669A}.Release|Any CPU.Build.0 = Release|Any CPU
	EndGlobalSection
	GlobalSection(SolutionProperties) = preSolution
		HideSolutionNode = FALSE
	EndGlobalSection
	GlobalSection(NestedProjects) = preSolution
		{DB549B77-D213-45DA-9695-41B87A7D122E} = {02EA681E-C7D8-13C7-8484-4AC65E1B71E8}
		{0888DD9A-F647-4422-9FF9-8DA13F70D27A} = {E18260BE-72F6-427B-B685-525BE064B85A}
		{6BCE9B70-E025-4C7A-86A8-FACE99ACEFE9} = {C63F1ACE-928A-4CCF-BC3A-4C897E30E12F}
		{B6F1DFA8-CE13-4D2C-8C20-9140288A669A} = {C63F1ACE-928A-4CCF-BC3A-4C897E30E12F}
	EndGlobalSection
	GlobalSection(ExtensibilityGlobals) = postSolution
		SolutionGuid = {2EA53851-C46C-478A-8CEF-F0A1004D33A6}
	EndGlobalSection
EndGlobal
